
Microsoft Visual Studio Solution File, Format Version 10.00
# Visual Studio 2008
Project("{FAE04EC0-301F-11D3-BF4B-00C04F79EFBC}") = "TenorMobile", "TenorMobile\TenorMobile.csproj", "{1CD6CB52-3A64-4EFB-8C29-39DA26C8D9E3}"
EndProject
Project("{FAE04EC0-301F-11D3-BF4B-00C04F79EFBC}") = "InterfaceTest", "InterfaceTest\InterfaceTest.csproj", "{FA68DC42-1B72-4834-A42C-96AF034883C0}"
EndProject
Global
	GlobalSection(SubversionScc) = preSolution
		Svn-Managed = True
		Manager = AnkhSVN - Subversion Support for Visual Studio
	EndGlobalSection
	GlobalSection(SolutionConfigurationPlatforms) = preSolution
		Debug|Any CPU = Debug|Any CPU
		Release|Any CPU = Release|Any CPU
	EndGlobalSection
	GlobalSection(ProjectConfigurationPlatforms) = postSolution
		{1CD6CB52-3A64-4EFB-8C29-39DA26C8D9E3}.Debug|Any CPU.ActiveCfg = Debug|Any CPU
		{1CD6CB52-3A64-4EFB-8C29-39DA26C8D9E3}.Debug|Any CPU.Build.0 = Debug|Any CPU
		{1CD6CB52-3A64-4EFB-8C29-39DA26C8D9E3}.Release|Any CPU.ActiveCfg = Release|Any CPU
		{1CD6CB52-3A64-4EFB-8C29-39DA26C8D9E3}.Release|Any CPU.Build.0 = Release|Any CPU
		{FA68DC42-1B72-4834-A42C-96AF034883C0}.Debug|Any CPU.ActiveCfg = Debug|Any CPU
		{FA68DC42-1B72-4834-A42C-96AF034883C0}.Debug|Any CPU.Build.0 = Debug|Any CPU
		{FA68DC42-1B72-4834-A42C-96AF034883C0}.Debug|Any CPU.Deploy.0 = Debug|Any CPU
		{FA68DC42-1B72-4834-A42C-96AF034883C0}.Release|Any CPU.ActiveCfg = Release|Any CPU
		{FA68DC42-1B72-4834-A42C-96AF034883C0}.Release|Any CPU.Build.0 = Release|Any CPU
		{FA68DC42-1B72-4834-A42C-96AF034883C0}.Release|Any CPU.Deploy.0 = Release|Any CPU
	EndGlobalSection
	GlobalSection(SolutionProperties) = preSolution
		HideSolutionNode = FALSE
	EndGlobalSection
EndGlobal
